<?xml version="1.0" encoding="UTF-8" standalone="yes" ?>
<CodeBlocks_project_file>
   <FileVersion major="1" minor="6" />
   <Project>
      <Option title="q4wine" />
      <Option makefile_is_custom="1" />
      <Option compiler="gcc" />
      <Build>
      <Target title="all">
         <Option working_dir="/home/pasha/work/q4wine" />
         <Option type="4" />
         <MakeCommands>
            <Build command="/usr/bin/gmake -f &quot;/home/pasha/work/q4wine/Makefile&quot; all" />
            <CompileFile command="/usr/bin/gmake -f &quot;/home/pasha/work/q4wine/Makefile&quot; &quot;$file&quot;" />
            <Clean command="/usr/bin/gmake -f &quot;/home/pasha/work/q4wine/Makefile&quot; clean" />
            <DistClean command="/usr/bin/gmake -f &quot;/home/pasha/work/q4wine/Makefile&quot; clean" />
         </MakeCommands>
      </Target>
      <Target title="install">
         <Option working_dir="/home/pasha/work/q4wine" />
         <Option type="4" />
         <MakeCommands>
            <Build command="/usr/bin/gmake -f &quot;/home/pasha/work/q4wine/Makefile&quot; install" />
            <CompileFile command="/usr/bin/gmake -f &quot;/home/pasha/work/q4wine/Makefile&quot; &quot;$file&quot;" />
            <Clean command="/usr/bin/gmake -f &quot;/home/pasha/work/q4wine/Makefile&quot; clean" />
            <DistClean command="/usr/bin/gmake -f &quot;/home/pasha/work/q4wine/Makefile&quot; clean" />
         </MakeCommands>
      </Target>
      <Target title="install/strip">
         <Option working_dir="/home/pasha/work/q4wine" />
         <Option type="4" />
         <MakeCommands>
            <Build command="/usr/bin/gmake -f &quot;/home/pasha/work/q4wine/Makefile&quot; install/strip" />
            <CompileFile command="/usr/bin/gmake -f &quot;/home/pasha/work/q4wine/Makefile&quot; &quot;$file&quot;" />
            <Clean command="/usr/bin/gmake -f &quot;/home/pasha/work/q4wine/Makefile&quot; clean" />
            <DistClean command="/usr/bin/gmake -f &quot;/home/pasha/work/q4wine/Makefile&quot; clean" />
         </MakeCommands>
      </Target>
      <Target title="q4wine">
         <Option output="/home/pasha/work/q4wine/q4wine" prefix_auto="0" extension_auto="0" />
         <Option working_dir="/home/pasha/work/q4wine" />
         <Option object_output="./" />
         <Option type="1" />
         <Option compiler="gcc" />
         <Compiler>
            <Add directory="/usr/include/qt4" />
            <Add directory="/usr/include/qt4/QtGui" />
            <Add directory="/usr/include/qt4/QtSql" />
            <Add directory="/usr/include/qt4/QtNetwork" />
            <Add directory="/usr/include/qt4/QtCore" />
            <Add directory="/home/pasha/work/q4wine" />
            <Add directory="/home/pasha/work/q4wine/src" />
            <Add directory="/home/pasha/work/q4wine/src/gui" />
            <Add directory="/home/pasha/work/q4wine/src/core" />
            <Add directory="/home/pasha/work/q4wine/src/temporary" />
            <Add directory="/home/pasha/work/q4wine/src/wis" />
         </Compiler>
         <MakeCommands>
            <Build command="/usr/bin/gmake -f &quot;/home/pasha/work/q4wine/Makefile&quot; q4wine" />
            <CompileFile command="/usr/bin/gmake -f &quot;/home/pasha/work/q4wine/Makefile&quot; &quot;$file&quot;" />
            <Clean command="/usr/bin/gmake -f &quot;/home/pasha/work/q4wine/Makefile&quot; clean" />
            <DistClean command="/usr/bin/gmake -f &quot;/home/pasha/work/q4wine/Makefile&quot; clean" />
         </MakeCommands>
      </Target>
      <Target title="q4wine/fast">
         <Option output="/home/pasha/work/q4wine/q4wine" prefix_auto="0" extension_auto="0" />
         <Option working_dir="/home/pasha/work/q4wine" />
         <Option object_output="./" />
         <Option type="1" />
         <Option compiler="gcc" />
         <Compiler>
            <Add directory="/usr/include/qt4" />
            <Add directory="/usr/include/qt4/QtGui" />
            <Add directory="/usr/include/qt4/QtSql" />
            <Add directory="/usr/include/qt4/QtNetwork" />
            <Add directory="/usr/include/qt4/QtCore" />
            <Add directory="/home/pasha/work/q4wine" />
            <Add directory="/home/pasha/work/q4wine/src" />
            <Add directory="/home/pasha/work/q4wine/src/gui" />
            <Add directory="/home/pasha/work/q4wine/src/core" />
            <Add directory="/home/pasha/work/q4wine/src/temporary" />
            <Add directory="/home/pasha/work/q4wine/src/wis" />
         </Compiler>
         <MakeCommands>
            <Build command="/usr/bin/gmake -f &quot;/home/pasha/work/q4wine/Makefile&quot; q4wine/fast" />
            <CompileFile command="/usr/bin/gmake -f &quot;/home/pasha/work/q4wine/Makefile&quot; &quot;$file&quot;" />
            <Clean command="/usr/bin/gmake -f &quot;/home/pasha/work/q4wine/Makefile&quot; clean" />
            <DistClean command="/usr/bin/gmake -f &quot;/home/pasha/work/q4wine/Makefile&quot; clean" />
         </MakeCommands>
      </Target>
      <Target title="rebuild_cache">
         <Option working_dir="/home/pasha/work/q4wine" />
         <Option type="4" />
         <MakeCommands>
            <Build command="/usr/bin/gmake -f &quot;/home/pasha/work/q4wine/Makefile&quot; rebuild_cache" />
            <CompileFile command="/usr/bin/gmake -f &quot;/home/pasha/work/q4wine/Makefile&quot; &quot;$file&quot;" />
            <Clean command="/usr/bin/gmake -f &quot;/home/pasha/work/q4wine/Makefile&quot; clean" />
            <DistClean command="/usr/bin/gmake -f &quot;/home/pasha/work/q4wine/Makefile&quot; clean" />
         </MakeCommands>
      </Target>
      </Build>
      <Unit filename="/home/pasha/work/q4wine/en_us.qm">
      </Unit>
      <Unit filename="/home/pasha/work/q4wine/en_us.qm.rule">
      </Unit>
      <Unit filename="/home/pasha/work/q4wine/qrc_q4wine.cxx">
      </Unit>
      <Unit filename="/home/pasha/work/q4wine/ru_ru.qm">
      </Unit>
      <Unit filename="/home/pasha/work/q4wine/ru_ru.qm.rule">
      </Unit>
      <Unit filename="/home/pasha/work/q4wine/src/About.ui">
      </Unit>
      <Unit filename="/home/pasha/work/q4wine/src/AppSettings.ui">
      </Unit>
      <Unit filename="/home/pasha/work/q4wine/src/IconSettings.ui">
      </Unit>
      <Unit filename="/home/pasha/work/q4wine/src/IconsView.ui">
      </Unit>
      <Unit filename="/home/pasha/work/q4wine/src/ImageManager.ui">
      </Unit>
      <Unit filename="/home/pasha/work/q4wine/src/MainWindow.ui">
      </Unit>
      <Unit filename="/home/pasha/work/q4wine/src/PrefixSettings.ui">
      </Unit>
      <Unit filename="/home/pasha/work/q4wine/src/Process.ui">
      </Unit>
      <Unit filename="/home/pasha/work/q4wine/src/Run.ui">
      </Unit>
      <Unit filename="/home/pasha/work/q4wine/src/Wizard.ui">
      </Unit>
      <Unit filename="/home/pasha/work/q4wine/src/core/coremethods.cpp">
      </Unit>
      <Unit filename="/home/pasha/work/q4wine/src/core/moc_coremethods.cxx">
      </Unit>
      <Unit filename="/home/pasha/work/q4wine/src/core/moc_coremethods.cxx.rule">
      </Unit>
      <Unit filename="/home/pasha/work/q4wine/src/core/moc_registry.cxx">
      </Unit>
      <Unit filename="/home/pasha/work/q4wine/src/core/moc_registry.cxx.rule">
      </Unit>
      <Unit filename="/home/pasha/work/q4wine/src/core/moc_winebinlauncher.cxx">
      </Unit>
      <Unit filename="/home/pasha/work/q4wine/src/core/moc_winebinlauncher.cxx.rule">
      </Unit>
      <Unit filename="/home/pasha/work/q4wine/src/core/registry.cpp">
      </Unit>
      <Unit filename="/home/pasha/work/q4wine/src/core/winebinlauncher.cpp">
      </Unit>
      <Unit filename="/home/pasha/work/q4wine/src/gui/about.cpp">
      </Unit>
      <Unit filename="/home/pasha/work/q4wine/src/gui/appsettings.cpp">
      </Unit>
      <Unit filename="/home/pasha/work/q4wine/src/gui/iconsettings.cpp">
      </Unit>
      <Unit filename="/home/pasha/work/q4wine/src/gui/iconsview.cpp">
      </Unit>
      <Unit filename="/home/pasha/work/q4wine/src/gui/imagemanager.cpp">
      </Unit>
      <Unit filename="/home/pasha/work/q4wine/src/gui/mainwindow.cpp">
      </Unit>
      <Unit filename="/home/pasha/work/q4wine/src/gui/moc_about.cxx">
      </Unit>
      <Unit filename="/home/pasha/work/q4wine/src/gui/moc_about.cxx.rule">
      </Unit>
      <Unit filename="/home/pasha/work/q4wine/src/gui/moc_appsettings.cxx">
      </Unit>
      <Unit filename="/home/pasha/work/q4wine/src/gui/moc_appsettings.cxx.rule">
      </Unit>
      <Unit filename="/home/pasha/work/q4wine/src/gui/moc_iconsettings.cxx">
      </Unit>
      <Unit filename="/home/pasha/work/q4wine/src/gui/moc_iconsettings.cxx.rule">
      </Unit>
      <Unit filename="/home/pasha/work/q4wine/src/gui/moc_iconsview.cxx">
      </Unit>
      <Unit filename="/home/pasha/work/q4wine/src/gui/moc_iconsview.cxx.rule">
      </Unit>
      <Unit filename="/home/pasha/work/q4wine/src/gui/moc_imagemanager.cxx">
      </Unit>
      <Unit filename="/home/pasha/work/q4wine/src/gui/moc_imagemanager.cxx.rule">
      </Unit>
      <Unit filename="/home/pasha/work/q4wine/src/gui/moc_mainwindow.cxx">
      </Unit>
      <Unit filename="/home/pasha/work/q4wine/src/gui/moc_mainwindow.cxx.rule">
      </Unit>
      <Unit filename="/home/pasha/work/q4wine/src/gui/moc_prefixsettings.cxx">
      </Unit>
      <Unit filename="/home/pasha/work/q4wine/src/gui/moc_prefixsettings.cxx.rule">
      </Unit>
      <Unit filename="/home/pasha/work/q4wine/src/gui/moc_process.cxx">
      </Unit>
      <Unit filename="/home/pasha/work/q4wine/src/gui/moc_process.cxx.rule">
      </Unit>
      <Unit filename="/home/pasha/work/q4wine/src/gui/moc_run.cxx">
      </Unit>
      <Unit filename="/home/pasha/work/q4wine/src/gui/moc_run.cxx.rule">
      </Unit>
      <Unit filename="/home/pasha/work/q4wine/src/gui/moc_wizard.cxx">
      </Unit>
      <Unit filename="/home/pasha/work/q4wine/src/gui/moc_wizard.cxx.rule">
      </Unit>
      <Unit filename="/home/pasha/work/q4wine/src/gui/prefixsettings.cpp">
      </Unit>
      <Unit filename="/home/pasha/work/q4wine/src/gui/process.cpp">
      </Unit>
      <Unit filename="/home/pasha/work/q4wine/src/gui/run.cpp">
      </Unit>
      <Unit filename="/home/pasha/work/q4wine/src/gui/wizard.cpp">
      </Unit>
      <Unit filename="/home/pasha/work/q4wine/src/main.cpp">
      </Unit>
      <Unit filename="/home/pasha/work/q4wine/src/q4wine.qrc">
      </Unit>
      <Unit filename="/home/pasha/work/q4wine/src/temporary/moc_winetricks.cxx">
      </Unit>
      <Unit filename="/home/pasha/work/q4wine/src/temporary/moc_winetricks.cxx.rule">
      </Unit>
      <Unit filename="/home/pasha/work/q4wine/src/temporary/moc_winetrickshelp.cxx">
      </Unit>
      <Unit filename="/home/pasha/work/q4wine/src/temporary/moc_winetrickshelp.cxx.rule">
      </Unit>
      <Unit filename="/home/pasha/work/q4wine/src/temporary/winetricks.cpp">
      </Unit>
      <Unit filename="/home/pasha/work/q4wine/src/temporary/winetricks.ui">
      </Unit>
      <Unit filename="/home/pasha/work/q4wine/src/temporary/winetrickshelp.cpp">
      </Unit>
      <Unit filename="/home/pasha/work/q4wine/src/temporary/winetrickshelp.ui">
      </Unit>
      <Unit filename="/home/pasha/work/q4wine/src/wis/wisitem.cpp">
      </Unit>
      <Unit filename="/home/pasha/work/q4wine/ui_About.h">
      </Unit>
      <Unit filename="/home/pasha/work/q4wine/ui_AppSettings.h">
      </Unit>
      <Unit filename="/home/pasha/work/q4wine/ui_IconSettings.h">
      </Unit>
      <Unit filename="/home/pasha/work/q4wine/ui_IconsView.h">
      </Unit>
      <Unit filename="/home/pasha/work/q4wine/ui_ImageManager.h">
      </Unit>
      <Unit filename="/home/pasha/work/q4wine/ui_MainWindow.h">
      </Unit>
      <Unit filename="/home/pasha/work/q4wine/ui_PrefixSettings.h">
      </Unit>
      <Unit filename="/home/pasha/work/q4wine/ui_Process.h">
      </Unit>
      <Unit filename="/home/pasha/work/q4wine/ui_Run.h">
      </Unit>
      <Unit filename="/home/pasha/work/q4wine/ui_Wizard.h">
      </Unit>
      <Unit filename="/home/pasha/work/q4wine/ui_winetricks.h">
      </Unit>
      <Unit filename="/home/pasha/work/q4wine/ui_winetrickshelp.h">
      </Unit>
      <Unit filename="/home/pasha/work/q4wine/uk_ua.qm">
      </Unit>
      <Unit filename="/home/pasha/work/q4wine/uk_ua.qm.rule">
      </Unit>
   </Project>
</CodeBlocks_project_file>
